// !$*UTF8*$!
{
	archiveVersion = 1;
	classes = {
	};
	objectVersion = 46;
	objects = {

/* Begin PBXBuildFile section */
		2E0DDAA61E45803400DF2F44 /* main.cpp in Sources */ = {isa = PBXBuildFile; fileRef = 2E0DDAA51E45803400DF2F44 /* main.cpp */; };
		2E0DDAAE1E45805E00DF2F44 /* Cache.cpp in Sources */ = {isa = PBXBuildFile; fileRef = 2E0DDAAC1E45805E00DF2F44 /* Cache.cpp */; };
		2E0DDAB11E45817700DF2F44 /* LRU_Cache.cpp in Sources */ = {isa = PBXBuildFile; fileRef = 2E0DDAAF1E45817700DF2F44 /* LRU_Cache.cpp */; };
		2E0DDAB41E468FE400DF2F44 /* LFU_Cache.cpp in Sources */ = {isa = PBXBuildFile; fileRef = 2E0DDAB21E468FE400DF2F44 /* LFU_Cache.cpp */; };
/* End PBXBuildFile section */

/* Begin PBXCopyFilesBuildPhase section */
		2E0DDAA01E45803400DF2F44 /* CopyFiles */ = {
			isa = PBXCopyFilesBuildPhase;
			buildActionMask = 2147483647;
			dstPath = /usr/share/man/man1/;
			dstSubfolderSpec = 0;
			files = (
			);
			runOnlyForDeploymentPostprocessing = 1;
		};
/* End PBXCopyFilesBuildPhase section */

/* Begin PBXFileReference section */
		2E0DDAA21E45803400DF2F44 /* Cache Design */ = {isa = PBXFileReference; explicitFileType = "compiled.mach-o.executable"; includeInIndex = 0; path = "Cache Design"; sourceTree = BUILT_PRODUCTS_DIR; };
		2E0DDAA51E45803400DF2F44 /* main.cpp */ = {isa = PBXFileReference; lastKnownFileType = sourcecode.cpp.cpp; path = main.cpp; sourceTree = "<group>"; };
		2E0DDAAC1E45805E00DF2F44 /* Cache.cpp */ = {isa = PBXFileReference; fileEncoding = 4; lastKnownFileType = sourcecode.cpp.cpp; path = Cache.cpp; sourceTree = "<group>"; };
		2E0DDAAD1E45805E00DF2F44 /* Cache.hpp */ = {isa = PBXFileReference; fileEncoding = 4; lastKnownFileType = sourcecode.cpp.h; path = Cache.hpp; sourceTree = "<group>"; };
		2E0DDAAF1E45817700DF2F44 /* LRU_Cache.cpp */ = {isa = PBXFileReference; fileEncoding = 4; lastKnownFileType = sourcecode.cpp.cpp; path = LRU_Cache.cpp; sourceTree = "<group>"; };
		2E0DDAB01E45817700DF2F44 /* LRU_Cache.hpp */ = {isa = PBXFileReference; fileEncoding = 4; lastKnownFileType = sourcecode.cpp.h; path = LRU_Cache.hpp; sourceTree = "<group>"; };
		2E0DDAB21E468FE400DF2F44 /* LFU_Cache.cpp */ = {isa = PBXFileReference; fileEncoding = 4; lastKnownFileType = sourcecode.cpp.cpp; path = LFU_Cache.cpp; sourceTree = "<group>"; };
		2E0DDAB31E468FE400DF2F44 /* LFU_Cache.hpp */ = {isa = PBXFileReference; fileEncoding = 4; lastKnownFileType = sourcecode.cpp.h; path = LFU_Cache.hpp; sourceTree = "<group>"; };
/* End PBXFileReference section */

/* Begin PBXFrameworksBuildPhase section */
		2E0DDA9F1E45803400DF2F44 /* Frameworks */ = {
			isa = PBXFrameworksBuildPhase;
			buildActionMask = 2147483647;
			files = (
			);
			runOnlyForDeploymentPostprocessing = 0;
		};
/* End PBXFrameworksBuildPhase section */

/* Begin PBXGroup section */
		2E0DDA991E45803400DF2F44 = {
			isa = PBXGroup;
			children = (
				2E0DDAA41E45803400DF2F44 /* Cache Design */,
				2E0DDAA31E45803400DF2F44 /* Products */,
			);
			sourceTree = "<group>";
		};
		2E0DDAA31E45803400DF2F44 /* Products */ = {
			isa = PBXGroup;
			children = (
				2E0DDAA21E45803400DF2F44 /* Cache Design */,
			);
			name = Products;
			sourceTree = "<group>";
		};
		2E0DDAA41E45803400DF2F44 /* Cache Design */ = {
			isa = PBXGroup;
			children = (
				2E0DDAA51E45803400DF2F44 /* main.cpp */,
				2E0DDAAC1E45805E00DF2F44 /* Cache.cpp */,
				2E0DDAAD1E45805E00DF2F44 /* Cache.hpp */,
				2E0DDAB21E468FE400DF2F44 /* LFU_Cache.cpp */,
				2E0DDAAF1E45817700DF2F44 /* LRU_Cache.cpp */,
				2E0DDAB31E468FE400DF2F44 /* LFU_Cache.hpp */,
				2E0DDAB01E45817700DF2F44 /* LRU_Cache.hpp */,
			);
			path = "Cache Design";
			sourceTree = "<group>";
		};
/* End PBXGroup section */

/* Begin PBXNativeTarget section */
		2E0DDAA11E45803400DF2F44 /* Cache Design */ = {
			isa = PBXNativeTarget;
			buildConfigurationList = 2E0DDAA91E45803400DF2F44 /* Build configuration list for PBXNativeTarget "Cache Design" */;
			buildPhases = (
				2E0DDA9E1E45803400DF2F44 /* Sources */,
				2E0DDA9F1E45803400DF2F44 /* Frameworks */,
				2E0DDAA01E45803400DF2F44 /* CopyFiles */,
			);
			buildRules = (
			);
			dependencies = (
			);
			name = "Cache Design";
			productName = "Cache Design";
			productReference = 2E0DDAA21E45803400DF2F44 /* Cache Design */;
			productType = "com.apple.product-type.tool";
		};
/* End PBXNativeTarget section */

/* Begin PBXProject section */
		2E0DDA9A1E45803400DF2F44 /* Project object */ = {
			isa = PBXProject;
			attributes = {
				LastUpgradeCheck = 0820;
				ORGANIZATIONNAME = "Hesen Zhang";
				TargetAttributes = {
					2E0DDAA11E45803400DF2F44 = {
						CreatedOnToolsVersion = 8.2.1;
						DevelopmentTeam = JJ4Q46SW6G;
						ProvisioningStyle = Automatic;
					};
				};
			};
			buildConfigurationList = 2E0DDA9D1E45803400DF2F44 /* Build configuration list for PBXProject "Cache Design" */;
			compatibilityVersion = "Xcode 3.2";
			developmentRegion = English;
			hasScannedForEncodings = 0;
			knownRegions = (
				en,
			);
			mainGroup = 2E0DDA991E45803400DF2F44;
			productRefGroup = 2E0DDAA31E45803400DF2F44 /* Products */;
			projectDirPath = "";
			projectRoot = "";
			targets = (
				2E0DDAA11E45803400DF2F44 /* Cache Design */,
			);
		};
/* End PBXProject section */

/* Begin PBXSourcesBuildPhase section */
		2E0DDA9E1E45803400DF2F44 /* Sources */ = {
			isa = PBXSourcesBuildPhase;
			buildActionMask = 2147483647;
			files = (
				2E0DDAB41E468FE400DF2F44 /* LFU_Cache.cpp in Sources */,
				2E0DDAB11E45817700DF2F44 /* LRU_Cache.cpp in Sources */,
				2E0DDAAE1E45805E00DF2F44 /* Cache.cpp in Sources */,
				2E0DDAA61E45803400DF2F44 /* main.cpp in Sources */,
			);
			runOnlyForDeploymentPostprocessing = 0;
		};
/* End PBXSourcesBuildPhase section */

/* Begin XCBuildConfiguration section */
		2E0DDAA71E45803400DF2F44 /* Debug */ = {
			isa = XCBuildConfiguration;
			buildSettings = {
				ALWAYS_SEARCH_USER_PATHS = NO;
				CLANG_ANALYZER_NONNULL = YES;
				CLANG_CXX_LANGUAGE_STANDARD = "gnu++0x";
				CLANG_CXX_LIBRARY = "libc++";
				CLANG_ENABLE_MODULES = YES;
				CLANG_ENABLE_OBJC_ARC = YES;
				CLANG_WARN_BOOL_CONVERSION = YES;
				CLANG_WARN_CONSTANT_CONVERSION = YES;
				CLANG_WARN_DIRECT_OBJC_ISA_USAGE = YES_ERROR;
				CLANG_WARN_DOCUMENTATION_COMMENTS = YES;
				CLANG_WARN_EMPTY_BODY = YES;
				CLANG_WARN_ENUM_CONVERSION = YES;
				CLANG_WARN_INFINITE_RECURSION = YES;
				CLANG_WARN_INT_CONVERSION = YES;
				CLANG_WARN_OBJC_ROOT_CLASS = YES_ERROR;
				CLANG_WARN_SUSPICIOUS_MOVE = YES;
				CLANG_WARN_UNREACHABLE_CODE = YES;
				CLANG_WARN__DUPLICATE_METHOD_MATCH = YES;
				CODE_SIGN_IDENTITY = "-";
				COPY_PHASE_STRIP = NO;
				DEBUG_INFORMATION_FORMAT = dwarf;
				ENABLE_STRICT_OBJC_MSGSEND = YES;
				ENABLE_TESTABILITY = YES;
				GCC_C_LANGUAGE_STANDARD = gnu99;
				GCC_DYNAMIC_NO_PIC = NO;
				GCC_NO_COMMON_BLOCKS = YES;
				GCC_OPTIMIZATION_LEVEL = 0;
				GCC_PREPROCESSOR_DEFINITIONS = (
					"DEBUG=1",
					"$(inherited)",
				);
				GCC_WARN_64_TO_32_BIT_CONVERSION = YES;
				GCC_WARN_ABOUT_RETURN_TYPE = YES_ERROR;
				GCC_WARN_UNDECLARED_SELECTOR = YES;
				GCC_WARN_UNINITIALIZED_AUTOS = YES_AGGRESSIVE;
				GCC_WARN_UNUSED_FUNCTION = YES;
				GCC_WARN_UNUSED_VARIABLE = YES;
				MACOSX_DEPLOYMENT_TARGET = 10.12;
				MTL_ENABLE_DEBUG_INFO = YES;
				ONLY_ACTIVE_ARCH = YES;
				SDKROOT = macosx;
			};
			name = Debug;
		};
		2E0DDAA81E45803400DF2F44 /* Release */ = {
			isa = XCBuildConfiguration;
			buildSettings = {
				ALWAYS_SEARCH_USER_PATHS = NO;
				CLANG_ANALYZER_NONNULL = YES;
				CLANG_CXX_LANGUAGE_STANDARD = "gnu++0x";
				CLANG_CXX_LIBRARY = "libc++";
				CLANG_ENABLE_MODULES = YES;
				CLANG_ENABLE_OBJC_ARC = YES;
				CLANG_WARN_BOOL_CONVERSION = YES;
				CLANG_WARN_CONSTANT_CONVERSION = YES;
				CLANG_WARN_DIRECT_OBJC_ISA_USAGE = YES_ERROR;
				CLANG_WARN_DOCUMENTATION_COMMENTS = YES;
				CLANG_WARN_EMPTY_BODY = YES;
				CLANG_WARN_ENUM_CONVERSION = YES;
				CLANG_WARN_INFINITE_RECURSION = YES;
				CLANG_WARN_INT_CONVERSION = YES;
				CLANG_WARN_OBJC_ROOT_CLASS = YES_ERROR;
				CLANG_WARN_SUSPICIOUS_MOVE = YES;
				CLANG_WARN_UNREACHABLE_CODE = YES;
				CLANG_WARN__DUPLICATE_METHOD_MATCH = YES;
				CODE_SIGN_IDENTITY = "-";
				COPY_PHASE_STRIP = NO;
				DEBUG_INFORMATION_FORMAT = "dwarf-with-dsym";
				ENABLE_NS_ASSERTIONS = NO;
				ENABLE_STRICT_OBJC_MSGSEND = YES;
				GCC_C_LANGUAGE_STANDARD = gnu99;
				GCC_NO_COMMON_BLOCKS = YES;
				GCC_WARN_64_TO_32_BIT_CONVERSION = YES;
				GCC_WARN_ABOUT_RETURN_TYPE = YES_ERROR;
				GCC_WARN_UNDECLARED_SELECTOR = YES;
				GCC_WARN_UNINITIALIZED_AUTOS = YES_AGGRESSIVE;
				GCC_WARN_UNUSED_FUNCTION = YES;
				GCC_WARN_UNUSED_VARIABLE = YES;
				MACOSX_DEPLOYMENT_TARGET = 10.12;
				MTL_ENABLE_DEBUG_INFO = NO;
				SDKROOT = macosx;
			};
			name = Release;
		};
		2E0DDAAA1E45803400DF2F44 /* Debug */ = {
			isa = XCBuildConfiguration;
			buildSettings = {
				DEVELOPMENT_TEAM = JJ4Q46SW6G;
				PRODUCT_NAME = "$(TARGET_NAME)";
			};
			name = Debug;
		};
		2E0DDAAB1E45803400DF2F44 /* Release */ = {
			isa = XCBuildConfiguration;
			buildSettings = {
				DEVELOPMENT_TEAM = JJ4Q46SW6G;
				PRODUCT_NAME = "$(TARGET_NAME)";
			};
			name = Release;
		};
/* End XCBuildConfiguration section */

/* Begin XCConfigurationList section */
		2E0DDA9D1E45803400DF2F44 /* Build configuration list for PBXProject "Cache Design" */ = {
			isa = XCConfigurationList;
			buildConfigurations = (
				2E0DDAA71E45803400DF2F44 /* Debug */,
				2E0DDAA81E45803400DF2F44 /* Release */,
			);
			defaultConfigurationIsVisible = 0;
			defaultConfigurationName = Release;
		};
		2E0DDAA91E45803400DF2F44 /* Build configuration list for PBXNativeTarget "Cache Design" */ = {
			isa = XCConfigurationList;
			buildConfigurations = (
				2E0DDAAA1E45803400DF2F44 /* Debug */,
				2E0DDAAB1E45803400DF2F44 /* Release */,
			);
			defaultConfigurationIsVisible = 0;
		};
/* End XCConfigurationList section */
	};
	rootObject = 2E0DDA9A1E45803400DF2F44 /* Project object */;
}
